
Microsoft Visual Studio Solution File, Format Version 12.00
# Visual Studio 2013
VisualStudioVersion = 12.0.21005.1
MinimumVisualStudioVersion = 10.0.40219.1
Project("{FAE04EC0-301F-11D3-BF4B-00C04F79EFBC}") = "BusinessCenter.Data", "BusinessCenter.Data\BusinessCenter.Data.csproj", "{A835E717-6294-41EA-9362-48F98026B1FD}"
EndProject
Project("{FAE04EC0-301F-11D3-BF4B-00C04F79EFBC}") = "BusinessCenter.Service", "BusinessCenter.Service\BusinessCenter.Service.csproj", "{A5F16E5E-2A08-472E-8713-B9136E25B1E2}"
EndProject
Project("{FAE04EC0-301F-11D3-BF4B-00C04F79EFBC}") = "UnitTestProject1", "UnitTestProject1\UnitTestProject1.csproj", "{08D29ECF-277E-4054-8659-308E04EF461B}"
EndProject
Global
	GlobalSection(SolutionConfigurationPlatforms) = preSolution
		Debug|Any CPU = Debug|Any CPU
		Release|Any CPU = Release|Any CPU
	EndGlobalSection
	GlobalSection(ProjectConfigurationPlatforms) = postSolution
		{A835E717-6294-41EA-9362-48F98026B1FD}.Debug|Any CPU.ActiveCfg = Debug|Any CPU
		{A835E717-6294-41EA-9362-48F98026B1FD}.Debug|Any CPU.Build.0 = Debug|Any CPU
		{A835E717-6294-41EA-9362-48F98026B1FD}.Release|Any CPU.ActiveCfg = Release|Any CPU
		{A835E717-6294-41EA-9362-48F98026B1FD}.Release|Any CPU.Build.0 = Release|Any CPU
		{A5F16E5E-2A08-472E-8713-B9136E25B1E2}.Debug|Any CPU.ActiveCfg = Debug|Any CPU
		{A5F16E5E-2A08-472E-8713-B9136E25B1E2}.Debug|Any CPU.Build.0 = Debug|Any CPU
		{A5F16E5E-2A08-472E-8713-B9136E25B1E2}.Release|Any CPU.ActiveCfg = Release|Any CPU
		{A5F16E5E-2A08-472E-8713-B9136E25B1E2}.Release|Any CPU.Build.0 = Release|Any CPU
		{08D29ECF-277E-4054-8659-308E04EF461B}.Debug|Any CPU.ActiveCfg = Debug|Any CPU
		{08D29ECF-277E-4054-8659-308E04EF461B}.Debug|Any CPU.Build.0 = Debug|Any CPU
		{08D29ECF-277E-4054-8659-308E04EF461B}.Release|Any CPU.ActiveCfg = Release|Any CPU
		{08D29ECF-277E-4054-8659-308E04EF461B}.Release|Any CPU.Build.0 = Release|Any CPU
	EndGlobalSection
	GlobalSection(SolutionProperties) = preSolution
		HideSolutionNode = FALSE
	EndGlobalSection
EndGlobal
